
Microsoft Visual Studio Solution File, Format Version 12.00
# Visual Studio 14
VisualStudioVersion = 14.0.25420.1
MinimumVisualStudioVersion = 10.0.40219.1
Project("{FAE04EC0-301F-11D3-BF4B-00C04F79EFBC}") = "Web", "Web\Web.csproj", "{71995917-9713-42BB-802A-3CF0E0C0D28F}"
EndProject
Project("{FAE04EC0-301F-11D3-BF4B-00C04F79EFBC}") = "Service", "Service\Service.csproj", "{0FD9F50A-0786-4B84-8594-5464EAF8C6DA}"
EndProject
Project("{FAE04EC0-301F-11D3-BF4B-00C04F79EFBC}") = "Domain", "Domain\Domain.csproj", "{A63E260C-AB2A-4A79-A38C-1FB8FA9C83CD}"
EndProject
Project("{FAE04EC0-301F-11D3-BF4B-00C04F79EFBC}") = "Data", "Data\Data.csproj", "{630C6AB1-AA8D-44F4-B746-47DDDE2E9B25}"
EndProject
Global
	GlobalSection(SolutionConfigurationPlatforms) = preSolution
		Debug|Any CPU = Debug|Any CPU
		Release|Any CPU = Release|Any CPU
	EndGlobalSection
	GlobalSection(ProjectConfigurationPlatforms) = postSolution
		{71995917-9713-42BB-802A-3CF0E0C0D28F}.Debug|Any CPU.ActiveCfg = Debug|Any CPU
		{71995917-9713-42BB-802A-3CF0E0C0D28F}.Debug|Any CPU.Build.0 = Debug|Any CPU
		{71995917-9713-42BB-802A-3CF0E0C0D28F}.Release|Any CPU.ActiveCfg = Release|Any CPU
		{71995917-9713-42BB-802A-3CF0E0C0D28F}.Release|Any CPU.Build.0 = Release|Any CPU
		{0FD9F50A-0786-4B84-8594-5464EAF8C6DA}.Debug|Any CPU.ActiveCfg = Debug|Any CPU
		{0FD9F50A-0786-4B84-8594-5464EAF8C6DA}.Debug|Any CPU.Build.0 = Debug|Any CPU
		{0FD9F50A-0786-4B84-8594-5464EAF8C6DA}.Release|Any CPU.ActiveCfg = Release|Any CPU
		{0FD9F50A-0786-4B84-8594-5464EAF8C6DA}.Release|Any CPU.Build.0 = Release|Any CPU
		{A63E260C-AB2A-4A79-A38C-1FB8FA9C83CD}.Debug|Any CPU.ActiveCfg = Debug|Any CPU
		{A63E260C-AB2A-4A79-A38C-1FB8FA9C83CD}.Debug|Any CPU.Build.0 = Debug|Any CPU
		{A63E260C-AB2A-4A79-A38C-1FB8FA9C83CD}.Release|Any CPU.ActiveCfg = Release|Any CPU
		{A63E260C-AB2A-4A79-A38C-1FB8FA9C83CD}.Release|Any CPU.Build.0 = Release|Any CPU
		{630C6AB1-AA8D-44F4-B746-47DDDE2E9B25}.Debug|Any CPU.ActiveCfg = Debug|Any CPU
		{630C6AB1-AA8D-44F4-B746-47DDDE2E9B25}.Debug|Any CPU.Build.0 = Debug|Any CPU
		{630C6AB1-AA8D-44F4-B746-47DDDE2E9B25}.Release|Any CPU.ActiveCfg = Release|Any CPU
		{630C6AB1-AA8D-44F4-B746-47DDDE2E9B25}.Release|Any CPU.Build.0 = Release|Any CPU
	EndGlobalSection
	GlobalSection(SolutionProperties) = preSolution
		HideSolutionNode = FALSE
	EndGlobalSection
EndGlobal
